
Microsoft Visual Studio Solution File, Format Version 11.00
# Visual Studio 2010
Project("{FAE04EC0-301F-11D3-BF4B-00C04F79EFBC}") = "ludumdare-25", "ludumdare-25\ludumdare-25\ludumdare-25.csproj", "{7D8C5352-35E6-462E-BBBC-2E03891C9CBA}"
EndProject
Project("{96E2B04D-8817-42C6-938A-82C39BA4D311}") = "ludumdare-25Content", "ludumdare-25\ludumdare-25Content\ludumdare-25Content.contentproj", "{3CADF702-9CC7-41A7-8F1B-B2B5AACA1EC6}"
EndProject
Global
	GlobalSection(SolutionConfigurationPlatforms) = preSolution
		Debug|x86 = Debug|x86
		Release|x86 = Release|x86
	EndGlobalSection
	GlobalSection(ProjectConfigurationPlatforms) = postSolution
		{7D8C5352-35E6-462E-BBBC-2E03891C9CBA}.Debug|x86.ActiveCfg = Debug|x86
		{7D8C5352-35E6-462E-BBBC-2E03891C9CBA}.Debug|x86.Build.0 = Debug|x86
		{7D8C5352-35E6-462E-BBBC-2E03891C9CBA}.Release|x86.ActiveCfg = Release|x86
		{7D8C5352-35E6-462E-BBBC-2E03891C9CBA}.Release|x86.Build.0 = Release|x86
		{3CADF702-9CC7-41A7-8F1B-B2B5AACA1EC6}.Debug|x86.ActiveCfg = Debug|x86
		{3CADF702-9CC7-41A7-8F1B-B2B5AACA1EC6}.Release|x86.ActiveCfg = Release|x86
	EndGlobalSection
	GlobalSection(SolutionProperties) = preSolution
		HideSolutionNode = FALSE
	EndGlobalSection
EndGlobal
